{
  "requires": true,
  "lockfileVersion": 1,
  "dependencies": {
    "iframe-resizer": {
      "version": "4.3.1",
      "resolved": "https://registry.npmjs.org/iframe-resizer/-/iframe-resizer-4.3.1.tgz",
      "integrity": "sha512-PkoTPNF6EYhTbDjogdKu7JVgKqRwwNBXMeywZaQyzEYM3BNltA8O9fIIrtUkmj+8VZGckXpwtXsWsaQ5lrhd0w=="
    }
  }
}
